
Microsoft Visual Studio Solution File, Format Version 12.00
# Visual Studio Version 17
VisualStudioVersion = 17.0.31825.309
MinimumVisualStudioVersion = 10.0.40219.1
Project("{9A19103F-16F7-4668-BE54-9A1E7A4F7556}") = "DataApi", "DataApi\DataApi.csproj", "{399AB4E9-25C9-4B61-8C97-E28F27E4EFEA}"
EndProject
Project("{9A19103F-16F7-4668-BE54-9A1E7A4F7556}") = "NewsAccessAPI", "NewsAccessAPI\NewsAccessAPI.csproj", "{350B2656-C87A-42F9-8928-C51286C10A0E}"
EndProject
Project("{FAE04EC0-301F-11D3-BF4B-00C04F79EFBC}") = "DAL", "DAL\DAL.csproj", "{D03DD351-85C9-4044-971D-4CD2A07B561A}"
EndProject
Global
	GlobalSection(SolutionConfigurationPlatforms) = preSolution
		Debug|Any CPU = Debug|Any CPU
		Release|Any CPU = Release|Any CPU
	EndGlobalSection
	GlobalSection(ProjectConfigurationPlatforms) = postSolution
		{399AB4E9-25C9-4B61-8C97-E28F27E4EFEA}.Debug|Any CPU.ActiveCfg = Debug|Any CPU
		{399AB4E9-25C9-4B61-8C97-E28F27E4EFEA}.Debug|Any CPU.Build.0 = Debug|Any CPU
		{399AB4E9-25C9-4B61-8C97-E28F27E4EFEA}.Release|Any CPU.ActiveCfg = Release|Any CPU
		{399AB4E9-25C9-4B61-8C97-E28F27E4EFEA}.Release|Any CPU.Build.0 = Release|Any CPU
		{350B2656-C87A-42F9-8928-C51286C10A0E}.Debug|Any CPU.ActiveCfg = Debug|Any CPU
		{350B2656-C87A-42F9-8928-C51286C10A0E}.Debug|Any CPU.Build.0 = Debug|Any CPU
		{350B2656-C87A-42F9-8928-C51286C10A0E}.Release|Any CPU.ActiveCfg = Release|Any CPU
		{350B2656-C87A-42F9-8928-C51286C10A0E}.Release|Any CPU.Build.0 = Release|Any CPU
		{D03DD351-85C9-4044-971D-4CD2A07B561A}.Debug|Any CPU.ActiveCfg = Debug|Any CPU
		{D03DD351-85C9-4044-971D-4CD2A07B561A}.Debug|Any CPU.Build.0 = Debug|Any CPU
		{D03DD351-85C9-4044-971D-4CD2A07B561A}.Release|Any CPU.ActiveCfg = Release|Any CPU
		{D03DD351-85C9-4044-971D-4CD2A07B561A}.Release|Any CPU.Build.0 = Release|Any CPU
	EndGlobalSection
	GlobalSection(SolutionProperties) = preSolution
		HideSolutionNode = FALSE
	EndGlobalSection
	GlobalSection(ExtensibilityGlobals) = postSolution
		SolutionGuid = {E77C814C-2198-4442-85BB-27DA0D80FE00}
	EndGlobalSection
EndGlobal
